// !$*UTF8*$!
{
	archiveVersion = 1;
	classes = {
	};
	objectVersion = 46;
	objects = {

/* Begin PBXBuildFile section */
		6E98EA791D6C46DF005B6354 /* main.m in Sources */ = {isa = PBXBuildFile; fileRef = 6E98EA781D6C46DF005B6354 /* main.m */; };
		6E98EA801D6C471B005B6354 /* first.c in Sources */ = {isa = PBXBuildFile; fileRef = 6E98EA7F1D6C471B005B6354 /* first.c */; };
		6EF4363D1DB49D5D00A36222 /* main.c in Sources */ = {isa = PBXBuildFile; fileRef = 6EF4363C1DB49D5D00A36222 /* main.c */; };
		6EF436481DB49DFE00A36222 /* main.c in Sources */ = {isa = PBXBuildFile; fileRef = 6EF436471DB49DFE00A36222 /* main.c */; };
/* End PBXBuildFile section */

/* Begin PBXCopyFilesBuildPhase section */
		6E98EA731D6C46DF005B6354 /* CopyFiles */ = {
			isa = PBXCopyFilesBuildPhase;
			buildActionMask = 2147483647;
			dstPath = /usr/share/man/man1/;
			dstSubfolderSpec = 0;
			files = (
			);
			runOnlyForDeploymentPostprocessing = 1;
		};
		6EF436381DB49D5C00A36222 /* CopyFiles */ = {
			isa = PBXCopyFilesBuildPhase;
			buildActionMask = 2147483647;
			dstPath = /usr/share/man/man1/;
			dstSubfolderSpec = 0;
			files = (
			);
			runOnlyForDeploymentPostprocessing = 1;
		};
		6EF436431DB49DFE00A36222 /* CopyFiles */ = {
			isa = PBXCopyFilesBuildPhase;
			buildActionMask = 2147483647;
			dstPath = /usr/share/man/man1/;
			dstSubfolderSpec = 0;
			files = (
			);
			runOnlyForDeploymentPostprocessing = 1;
		};
/* End PBXCopyFilesBuildPhase section */

/* Begin PBXFileReference section */
		6E98EA751D6C46DF005B6354 /* 23.1 */ = {isa = PBXFileReference; explicitFileType = "compiled.mach-o.executable"; includeInIndex = 0; path = 23.1; sourceTree = BUILT_PRODUCTS_DIR; };
		6E98EA781D6C46DF005B6354 /* main.m */ = {isa = PBXFileReference; lastKnownFileType = sourcecode.c.objc; name = main.m; path = 23.1/main.m; sourceTree = "<group>"; };
		6E98EA7F1D6C471B005B6354 /* first.c */ = {isa = PBXFileReference; fileEncoding = 4; lastKnownFileType = sourcecode.c.c; name = first.c; path = 23.1/first.c; sourceTree = "<group>"; };
		6EF4363A1DB49D5C00A36222 /* Practice02 */ = {isa = PBXFileReference; explicitFileType = "compiled.mach-o.executable"; includeInIndex = 0; path = Practice02; sourceTree = BUILT_PRODUCTS_DIR; };
		6EF4363C1DB49D5D00A36222 /* main.c */ = {isa = PBXFileReference; lastKnownFileType = sourcecode.c.c; path = main.c; sourceTree = "<group>"; };
		6EF436451DB49DFE00A36222 /* Practice01 */ = {isa = PBXFileReference; explicitFileType = "compiled.mach-o.executable"; includeInIndex = 0; path = Practice01; sourceTree = BUILT_PRODUCTS_DIR; };
		6EF436471DB49DFE00A36222 /* main.c */ = {isa = PBXFileReference; lastKnownFileType = sourcecode.c.c; path = main.c; sourceTree = "<group>"; };
/* End PBXFileReference section */

/* Begin PBXFrameworksBuildPhase section */
		6E98EA721D6C46DF005B6354 /* Frameworks */ = {
			isa = PBXFrameworksBuildPhase;
			buildActionMask = 2147483647;
			files = (
			);
			runOnlyForDeploymentPostprocessing = 0;
		};
		6EF436371DB49D5C00A36222 /* Frameworks */ = {
			isa = PBXFrameworksBuildPhase;
			buildActionMask = 2147483647;
			files = (
			);
			runOnlyForDeploymentPostprocessing = 0;
		};
		6EF436421DB49DFE00A36222 /* Frameworks */ = {
			isa = PBXFrameworksBuildPhase;
			buildActionMask = 2147483647;
			files = (
			);
			runOnlyForDeploymentPostprocessing = 0;
		};
/* End PBXFrameworksBuildPhase section */

/* Begin PBXGroup section */
		6E98EA6C1D6C46DF005B6354 = {
			isa = PBXGroup;
			children = (
				6E98EA771D6C46DF005B6354 /* 23.1 */,
				6E98EA7F1D6C471B005B6354 /* first.c */,
				6E98EA781D6C46DF005B6354 /* main.m */,
				6EF436461DB49DFE00A36222 /* Practice01 */,
				6EF4363B1DB49D5C00A36222 /* Practice02 */,
				6E98EA761D6C46DF005B6354 /* Products */,
			);
			sourceTree = "<group>";
		};
		6E98EA761D6C46DF005B6354 /* Products */ = {
			isa = PBXGroup;
			children = (
				6E98EA751D6C46DF005B6354 /* 23.1 */,
				6EF4363A1DB49D5C00A36222 /* Practice02 */,
				6EF436451DB49DFE00A36222 /* Practice01 */,
			);
			name = Products;
			sourceTree = "<group>";
		};
		6E98EA771D6C46DF005B6354 /* 23.1 */ = {
			isa = PBXGroup;
			children = (
			);
			path = 23.1;
			sourceTree = "<group>";
		};
		6EF4363B1DB49D5C00A36222 /* Practice02 */ = {
			isa = PBXGroup;
			children = (
				6EF4363C1DB49D5D00A36222 /* main.c */,
			);
			path = Practice02;
			sourceTree = "<group>";
		};
		6EF436461DB49DFE00A36222 /* Practice01 */ = {
			isa = PBXGroup;
			children = (
				6EF436471DB49DFE00A36222 /* main.c */,
			);
			path = Practice01;
			sourceTree = "<group>";
		};
/* End PBXGroup section */

/* Begin PBXNativeTarget section */
		6E98EA741D6C46DF005B6354 /* 23.1 */ = {
			isa = PBXNativeTarget;
			buildConfigurationList = 6E98EA7C1D6C46DF005B6354 /* Build configuration list for PBXNativeTarget "23.1" */;
			buildPhases = (
				6E98EA711D6C46DF005B6354 /* Sources */,
				6E98EA721D6C46DF005B6354 /* Frameworks */,
				6E98EA731D6C46DF005B6354 /* CopyFiles */,
			);
			buildRules = (
			);
			dependencies = (
			);
			name = 23.1;
			productName = 23.1;
			productReference = 6E98EA751D6C46DF005B6354 /* 23.1 */;
			productType = "com.apple.product-type.tool";
		};
		6EF436391DB49D5C00A36222 /* Practice02 */ = {
			isa = PBXNativeTarget;
			buildConfigurationList = 6EF4363E1DB49D5D00A36222 /* Build configuration list for PBXNativeTarget "Practice02" */;
			buildPhases = (
				6EF436361DB49D5C00A36222 /* Sources */,
				6EF436371DB49D5C00A36222 /* Frameworks */,
				6EF436381DB49D5C00A36222 /* CopyFiles */,
			);
			buildRules = (
			);
			dependencies = (
			);
			name = Practice02;
			productName = Practice02;
			productReference = 6EF4363A1DB49D5C00A36222 /* Practice02 */;
			productType = "com.apple.product-type.tool";
		};
		6EF436441DB49DFE00A36222 /* Practice01 */ = {
			isa = PBXNativeTarget;
			buildConfigurationList = 6EF436491DB49DFE00A36222 /* Build configuration list for PBXNativeTarget "Practice01" */;
			buildPhases = (
				6EF436411DB49DFE00A36222 /* Sources */,
				6EF436421DB49DFE00A36222 /* Frameworks */,
				6EF436431DB49DFE00A36222 /* CopyFiles */,
			);
			buildRules = (
			);
			dependencies = (
			);
			name = Practice01;
			productName = Practice01;
			productReference = 6EF436451DB49DFE00A36222 /* Practice01 */;
			productType = "com.apple.product-type.tool";
		};
/* End PBXNativeTarget section */

/* Begin PBXProject section */
		6E98EA6D1D6C46DF005B6354 /* Project object */ = {
			isa = PBXProject;
			attributes = {
				LastUpgradeCheck = 0730;
				ORGANIZATIONNAME = PowesunHolding;
				TargetAttributes = {
					6E98EA741D6C46DF005B6354 = {
						CreatedOnToolsVersion = 7.3.1;
					};
					6EF436391DB49D5C00A36222 = {
						CreatedOnToolsVersion = 7.3.1;
					};
					6EF436441DB49DFE00A36222 = {
						CreatedOnToolsVersion = 7.3.1;
					};
				};
			};
			buildConfigurationList = 6E98EA701D6C46DF005B6354 /* Build configuration list for PBXProject "23.1" */;
			compatibilityVersion = "Xcode 3.2";
			developmentRegion = English;
			hasScannedForEncodings = 0;
			knownRegions = (
				en,
			);
			mainGroup = 6E98EA6C1D6C46DF005B6354;
			productRefGroup = 6E98EA761D6C46DF005B6354 /* Products */;
			projectDirPath = "";
			projectRoot = "";
			targets = (
				6E98EA741D6C46DF005B6354 /* 23.1 */,
				6EF436441DB49DFE00A36222 /* Practice01 */,
				6EF436391DB49D5C00A36222 /* Practice02 */,
			);
		};
/* End PBXProject section */

/* Begin PBXSourcesBuildPhase section */
		6E98EA711D6C46DF005B6354 /* Sources */ = {
			isa = PBXSourcesBuildPhase;
			buildActionMask = 2147483647;
			files = (
				6E98EA801D6C471B005B6354 /* first.c in Sources */,
				6E98EA791D6C46DF005B6354 /* main.m in Sources */,
			);
			runOnlyForDeploymentPostprocessing = 0;
		};
		6EF436361DB49D5C00A36222 /* Sources */ = {
			isa = PBXSourcesBuildPhase;
			buildActionMask = 2147483647;
			files = (
				6EF4363D1DB49D5D00A36222 /* main.c in Sources */,
			);
			runOnlyForDeploymentPostprocessing = 0;
		};
		6EF436411DB49DFE00A36222 /* Sources */ = {
			isa = PBXSourcesBuildPhase;
			buildActionMask = 2147483647;
			files = (
				6EF436481DB49DFE00A36222 /* main.c in Sources */,
			);
			runOnlyForDeploymentPostprocessing = 0;
		};
/* End PBXSourcesBuildPhase section */

/* Begin XCBuildConfiguration section */
		6E98EA7A1D6C46DF005B6354 /* Debug */ = {
			isa = XCBuildConfiguration;
			buildSettings = {
				ALWAYS_SEARCH_USER_PATHS = NO;
				CLANG_ANALYZER_NONNULL = YES;
				CLANG_CXX_LANGUAGE_STANDARD = "gnu++0x";
				CLANG_CXX_LIBRARY = "libc++";
				CLANG_ENABLE_MODULES = YES;
				CLANG_ENABLE_OBJC_ARC = YES;
				CLANG_WARN_BOOL_CONVERSION = YES;
				CLANG_WARN_CONSTANT_CONVERSION = YES;
				CLANG_WARN_DIRECT_OBJC_ISA_USAGE = YES_ERROR;
				CLANG_WARN_EMPTY_BODY = YES;
				CLANG_WARN_ENUM_CONVERSION = YES;
				CLANG_WARN_INT_CONVERSION = YES;
				CLANG_WARN_OBJC_ROOT_CLASS = YES_ERROR;
				CLANG_WARN_UNREACHABLE_CODE = YES;
				CLANG_WARN__DUPLICATE_METHOD_MATCH = YES;
				CODE_SIGN_IDENTITY = "-";
				COPY_PHASE_STRIP = NO;
				DEBUG_INFORMATION_FORMAT = dwarf;
				ENABLE_STRICT_OBJC_MSGSEND = YES;
				ENABLE_TESTABILITY = YES;
				GCC_C_LANGUAGE_STANDARD = gnu99;
				GCC_DYNAMIC_NO_PIC = NO;
				GCC_NO_COMMON_BLOCKS = YES;
				GCC_OPTIMIZATION_LEVEL = 0;
				GCC_PREPROCESSOR_DEFINITIONS = (
					"DEBUG=1",
					"$(inherited)",
				);
				GCC_WARN_64_TO_32_BIT_CONVERSION = YES;
				GCC_WARN_ABOUT_RETURN_TYPE = YES_ERROR;
				GCC_WARN_UNDECLARED_SELECTOR = YES;
				GCC_WARN_UNINITIALIZED_AUTOS = YES_AGGRESSIVE;
				GCC_WARN_UNUSED_FUNCTION = YES;
				GCC_WARN_UNUSED_VARIABLE = YES;
				MACOSX_DEPLOYMENT_TARGET = 10.11;
				MTL_ENABLE_DEBUG_INFO = YES;
				ONLY_ACTIVE_ARCH = YES;
				SDKROOT = macosx;
			};
			name = Debug;
		};
		6E98EA7B1D6C46DF005B6354 /* Release */ = {
			isa = XCBuildConfiguration;
			buildSettings = {
				ALWAYS_SEARCH_USER_PATHS = NO;
				CLANG_ANALYZER_NONNULL = YES;
				CLANG_CXX_LANGUAGE_STANDARD = "gnu++0x";
				CLANG_CXX_LIBRARY = "libc++";
				CLANG_ENABLE_MODULES = YES;
				CLANG_ENABLE_OBJC_ARC = YES;
				CLANG_WARN_BOOL_CONVERSION = YES;
				CLANG_WARN_CONSTANT_CONVERSION = YES;
				CLANG_WARN_DIRECT_OBJC_ISA_USAGE = YES_ERROR;
				CLANG_WARN_EMPTY_BODY = YES;
				CLANG_WARN_ENUM_CONVERSION = YES;
				CLANG_WARN_INT_CONVERSION = YES;
				CLANG_WARN_OBJC_ROOT_CLASS = YES_ERROR;
				CLANG_WARN_UNREACHABLE_CODE = YES;
				CLANG_WARN__DUPLICATE_METHOD_MATCH = YES;
				CODE_SIGN_IDENTITY = "-";
				COPY_PHASE_STRIP = NO;
				DEBUG_INFORMATION_FORMAT = "dwarf-with-dsym";
				ENABLE_NS_ASSERTIONS = NO;
				ENABLE_STRICT_OBJC_MSGSEND = YES;
				GCC_C_LANGUAGE_STANDARD = gnu99;
				GCC_NO_COMMON_BLOCKS = YES;
				GCC_WARN_64_TO_32_BIT_CONVERSION = YES;
				GCC_WARN_ABOUT_RETURN_TYPE = YES_ERROR;
				GCC_WARN_UNDECLARED_SELECTOR = YES;
				GCC_WARN_UNINITIALIZED_AUTOS = YES_AGGRESSIVE;
				GCC_WARN_UNUSED_FUNCTION = YES;
				GCC_WARN_UNUSED_VARIABLE = YES;
				MACOSX_DEPLOYMENT_TARGET = 10.11;
				MTL_ENABLE_DEBUG_INFO = NO;
				SDKROOT = macosx;
			};
			name = Release;
		};
		6E98EA7D1D6C46DF005B6354 /* Debug */ = {
			isa = XCBuildConfiguration;
			buildSettings = {
				PRODUCT_NAME = "$(TARGET_NAME)";
			};
			name = Debug;
		};
		6E98EA7E1D6C46DF005B6354 /* Release */ = {
			isa = XCBuildConfiguration;
			buildSettings = {
				PRODUCT_NAME = "$(TARGET_NAME)";
			};
			name = Release;
		};
		6EF4363F1DB49D5D00A36222 /* Debug */ = {
			isa = XCBuildConfiguration;
			buildSettings = {
				PRODUCT_NAME = "$(TARGET_NAME)";
			};
			name = Debug;
		};
		6EF436401DB49D5D00A36222 /* Release */ = {
			isa = XCBuildConfiguration;
			buildSettings = {
				PRODUCT_NAME = "$(TARGET_NAME)";
			};
			name = Release;
		};
		6EF4364A1DB49DFE00A36222 /* Debug */ = {
			isa = XCBuildConfiguration;
			buildSettings = {
				PRODUCT_NAME = "$(TARGET_NAME)";
			};
			name = Debug;
		};
		6EF4364B1DB49DFE00A36222 /* Release */ = {
			isa = XCBuildConfiguration;
			buildSettings = {
				PRODUCT_NAME = "$(TARGET_NAME)";
			};
			name = Release;
		};
/* End XCBuildConfiguration section */

/* Begin XCConfigurationList section */
		6E98EA701D6C46DF005B6354 /* Build configuration list for PBXProject "23.1" */ = {
			isa = XCConfigurationList;
			buildConfigurations = (
				6E98EA7A1D6C46DF005B6354 /* Debug */,
				6E98EA7B1D6C46DF005B6354 /* Release */,
			);
			defaultConfigurationIsVisible = 0;
			defaultConfigurationName = Release;
		};
		6E98EA7C1D6C46DF005B6354 /* Build configuration list for PBXNativeTarget "23.1" */ = {
			isa = XCConfigurationList;
			buildConfigurations = (
				6E98EA7D1D6C46DF005B6354 /* Debug */,
				6E98EA7E1D6C46DF005B6354 /* Release */,
			);
			defaultConfigurationIsVisible = 0;
			defaultConfigurationName = Release;
		};
		6EF4363E1DB49D5D00A36222 /* Build configuration list for PBXNativeTarget "Practice02" */ = {
			isa = XCConfigurationList;
			buildConfigurations = (
				6EF4363F1DB49D5D00A36222 /* Debug */,
				6EF436401DB49D5D00A36222 /* Release */,
			);
			defaultConfigurationIsVisible = 0;
		};
		6EF436491DB49DFE00A36222 /* Build configuration list for PBXNativeTarget "Practice01" */ = {
			isa = XCConfigurationList;
			buildConfigurations = (
				6EF4364A1DB49DFE00A36222 /* Debug */,
				6EF4364B1DB49DFE00A36222 /* Release */,
			);
			defaultConfigurationIsVisible = 0;
		};
/* End XCConfigurationList section */
	};
	rootObject = 6E98EA6D1D6C46DF005B6354 /* Project object */;
}
